
Microsoft Visual Studio Solution File, Format Version 12.00
# Visual Studio Version 16
VisualStudioVersion = 16.0.32228.343
MinimumVisualStudioVersion = 10.0.40219.1
Project("{FAE04EC0-301F-11D3-BF4B-00C04F79EFBC}") = "Arrays-Listen", "Arrays-Listen.csproj", "{8046AB8F-B41C-44D5-B309-7323E403E3A0}"
EndProject
Global
	GlobalSection(SolutionConfigurationPlatforms) = preSolution
		Debug|Any CPU = Debug|Any CPU
		Release|Any CPU = Release|Any CPU
	EndGlobalSection
	GlobalSection(ProjectConfigurationPlatforms) = postSolution
		{8046AB8F-B41C-44D5-B309-7323E403E3A0}.Debug|Any CPU.ActiveCfg = Debug|Any CPU
		{8046AB8F-B41C-44D5-B309-7323E403E3A0}.Debug|Any CPU.Build.0 = Debug|Any CPU
		{8046AB8F-B41C-44D5-B309-7323E403E3A0}.Release|Any CPU.ActiveCfg = Release|Any CPU
		{8046AB8F-B41C-44D5-B309-7323E403E3A0}.Release|Any CPU.Build.0 = Release|Any CPU
	EndGlobalSection
	GlobalSection(SolutionProperties) = preSolution
		HideSolutionNode = FALSE
	EndGlobalSection
	GlobalSection(ExtensibilityGlobals) = postSolution
		SolutionGuid = {34E36D5A-9412-4DC9-864C-0C213E7DFD2A}
	EndGlobalSection
EndGlobal
